// !$*UTF8*$!
{
	archiveVersion = 1;
	classes = {
	};
	objectVersion = 46;
	objects = {

/* Begin PBXBuildFile section */
		FEA50B6219371DEC00357400 /* Foundation.framework in Frameworks */ = {isa = PBXBuildFile; fileRef = FEA50B6119371DEC00357400 /* Foundation.framework */; };
		FEA50B6419371DEC00357400 /* CoreGraphics.framework in Frameworks */ = {isa = PBXBuildFile; fileRef = FEA50B6319371DEC00357400 /* CoreGraphics.framework */; };
		FEA50B6619371DEC00357400 /* UIKit.framework in Frameworks */ = {isa = PBXBuildFile; fileRef = FEA50B6519371DEC00357400 /* UIKit.framework */; };
		FEA50B6C19371DEC00357400 /* InfoPlist.strings in Resources */ = {isa = PBXBuildFile; fileRef = FEA50B6A19371DEC00357400 /* InfoPlist.strings */; };
		FEA50B6E19371DEC00357400 /* main.m in Sources */ = {isa = PBXBuildFile; fileRef = FEA50B6D19371DEC00357400 /* main.m */; };
		FEA50B7219371DEC00357400 /* DMAppDelegate.m in Sources */ = {isa = PBXBuildFile; fileRef = FEA50B7119371DEC00357400 /* DMAppDelegate.m */; };
		FEA50B7519371DEC00357400 /* Main_iPhone.storyboard in Resources */ = {isa = PBXBuildFile; fileRef = FEA50B7319371DEC00357400 /* Main_iPhone.storyboard */; };
		FEA50B7819371DEC00357400 /* Main_iPad.storyboard in Resources */ = {isa = PBXBuildFile; fileRef = FEA50B7619371DEC00357400 /* Main_iPad.storyboard */; };
		FEA50B7B19371DEC00357400 /* DMViewController.m in Sources */ = {isa = PBXBuildFile; fileRef = FEA50B7A19371DEC00357400 /* DMViewController.m */; };
		FEA50B7D19371DEC00357400 /* Images.xcassets in Resources */ = {isa = PBXBuildFile; fileRef = FEA50B7C19371DEC00357400 /* Images.xcassets */; };
		FEA50B8419371DEC00357400 /* XCTest.framework in Frameworks */ = {isa = PBXBuildFile; fileRef = FEA50B8319371DEC00357400 /* XCTest.framework */; };
		FEA50B8519371DEC00357400 /* Foundation.framework in Frameworks */ = {isa = PBXBuildFile; fileRef = FEA50B6119371DEC00357400 /* Foundation.framework */; };
		FEA50B8619371DEC00357400 /* UIKit.framework in Frameworks */ = {isa = PBXBuildFile; fileRef = FEA50B6519371DEC00357400 /* UIKit.framework */; };
		FEA50B8E19371DEC00357400 /* InfoPlist.strings in Resources */ = {isa = PBXBuildFile; fileRef = FEA50B8C19371DEC00357400 /* InfoPlist.strings */; };
		FEA50B9019371DEC00357400 /* DataPickerTests.m in Sources */ = {isa = PBXBuildFile; fileRef = FEA50B8F19371DEC00357400 /* DataPickerTests.m */; };
		FEA50B9A19371E7700357400 /* DMDataPickerCell.xib in Resources */ = {isa = PBXBuildFile; fileRef = FEA50B9919371E7700357400 /* DMDataPickerCell.xib */; };
		FEA50B9D19371E9E00357400 /* DMDataPickerCell.m in Sources */ = {isa = PBXBuildFile; fileRef = FEA50B9C19371E9E00357400 /* DMDataPickerCell.m */; };
		FEA50BA41937454000357400 /* ApplicationStyle.m in Sources */ = {isa = PBXBuildFile; fileRef = FEA50BA31937454000357400 /* ApplicationStyle.m */; };
/* End PBXBuildFile section */

/* Begin PBXContainerItemProxy section */
		FEA50B8719371DEC00357400 /* PBXContainerItemProxy */ = {
			isa = PBXContainerItemProxy;
			containerPortal = FEA50B5619371DEC00357400 /* Project object */;
			proxyType = 1;
			remoteGlobalIDString = FEA50B5D19371DEC00357400;
			remoteInfo = DataPicker;
		};
/* End PBXContainerItemProxy section */

/* Begin PBXFileReference section */
		FEA50B5E19371DEC00357400 /* DataPicker.app */ = {isa = PBXFileReference; explicitFileType = wrapper.application; includeInIndex = 0; path = DataPicker.app; sourceTree = BUILT_PRODUCTS_DIR; };
		FEA50B6119371DEC00357400 /* Foundation.framework */ = {isa = PBXFileReference; lastKnownFileType = wrapper.framework; name = Foundation.framework; path = System/Library/Frameworks/Foundation.framework; sourceTree = SDKROOT; };
		FEA50B6319371DEC00357400 /* CoreGraphics.framework */ = {isa = PBXFileReference; lastKnownFileType = wrapper.framework; name = CoreGraphics.framework; path = System/Library/Frameworks/CoreGraphics.framework; sourceTree = SDKROOT; };
		FEA50B6519371DEC00357400 /* UIKit.framework */ = {isa = PBXFileReference; lastKnownFileType = wrapper.framework; name = UIKit.framework; path = System/Library/Frameworks/UIKit.framework; sourceTree = SDKROOT; };
		FEA50B6919371DEC00357400 /* DataPicker-Info.plist */ = {isa = PBXFileReference; lastKnownFileType = text.plist.xml; path = "DataPicker-Info.plist"; sourceTree = "<group>"; };
		FEA50B6B19371DEC00357400 /* en */ = {isa = PBXFileReference; lastKnownFileType = text.plist.strings; name = en; path = en.lproj/InfoPlist.strings; sourceTree = "<group>"; };
		FEA50B6D19371DEC00357400 /* main.m */ = {isa = PBXFileReference; lastKnownFileType = sourcecode.c.objc; path = main.m; sourceTree = "<group>"; };
		FEA50B6F19371DEC00357400 /* DataPicker-Prefix.pch */ = {isa = PBXFileReference; lastKnownFileType = sourcecode.c.h; path = "DataPicker-Prefix.pch"; sourceTree = "<group>"; };
		FEA50B7019371DEC00357400 /* DMAppDelegate.h */ = {isa = PBXFileReference; lastKnownFileType = sourcecode.c.h; path = DMAppDelegate.h; sourceTree = "<group>"; };
		FEA50B7119371DEC00357400 /* DMAppDelegate.m */ = {isa = PBXFileReference; lastKnownFileType = sourcecode.c.objc; path = DMAppDelegate.m; sourceTree = "<group>"; };
		FEA50B7419371DEC00357400 /* Base */ = {isa = PBXFileReference; lastKnownFileType = file.storyboard; name = Base; path = Base.lproj/Main_iPhone.storyboard; sourceTree = "<group>"; };
		FEA50B7719371DEC00357400 /* Base */ = {isa = PBXFileReference; lastKnownFileType = file.storyboard; name = Base; path = Base.lproj/Main_iPad.storyboard; sourceTree = "<group>"; };
		FEA50B7919371DEC00357400 /* DMViewController.h */ = {isa = PBXFileReference; lastKnownFileType = sourcecode.c.h; path = DMViewController.h; sourceTree = "<group>"; };
		FEA50B7A19371DEC00357400 /* DMViewController.m */ = {isa = PBXFileReference; lastKnownFileType = sourcecode.c.objc; path = DMViewController.m; sourceTree = "<group>"; };
		FEA50B7C19371DEC00357400 /* Images.xcassets */ = {isa = PBXFileReference; lastKnownFileType = folder.assetcatalog; path = Images.xcassets; sourceTree = "<group>"; };
		FEA50B8219371DEC00357400 /* DataPickerTests.xctest */ = {isa = PBXFileReference; explicitFileType = wrapper.cfbundle; includeInIndex = 0; path = DataPickerTests.xctest; sourceTree = BUILT_PRODUCTS_DIR; };
		FEA50B8319371DEC00357400 /* XCTest.framework */ = {isa = PBXFileReference; lastKnownFileType = wrapper.framework; name = XCTest.framework; path = Library/Frameworks/XCTest.framework; sourceTree = DEVELOPER_DIR; };
		FEA50B8B19371DEC00357400 /* DataPickerTests-Info.plist */ = {isa = PBXFileReference; lastKnownFileType = text.plist.xml; path = "DataPickerTests-Info.plist"; sourceTree = "<group>"; };
		FEA50B8D19371DEC00357400 /* en */ = {isa = PBXFileReference; lastKnownFileType = text.plist.strings; name = en; path = en.lproj/InfoPlist.strings; sourceTree = "<group>"; };
		FEA50B8F19371DEC00357400 /* DataPickerTests.m */ = {isa = PBXFileReference; lastKnownFileType = sourcecode.c.objc; path = DataPickerTests.m; sourceTree = "<group>"; };
		FEA50B9919371E7700357400 /* DMDataPickerCell.xib */ = {isa = PBXFileReference; fileEncoding = 4; lastKnownFileType = file.xib; path = DMDataPickerCell.xib; sourceTree = "<group>"; };
		FEA50B9B19371E9E00357400 /* DMDataPickerCell.h */ = {isa = PBXFileReference; fileEncoding = 4; lastKnownFileType = sourcecode.c.h; path = DMDataPickerCell.h; sourceTree = "<group>"; };
		FEA50B9C19371E9E00357400 /* DMDataPickerCell.m */ = {isa = PBXFileReference; fileEncoding = 4; lastKnownFileType = sourcecode.c.objc; path = DMDataPickerCell.m; sourceTree = "<group>"; };
		FEA50BA21937454000357400 /* ApplicationStyle.h */ = {isa = PBXFileReference; fileEncoding = 4; lastKnownFileType = sourcecode.c.h; path = ApplicationStyle.h; sourceTree = "<group>"; };
		FEA50BA31937454000357400 /* ApplicationStyle.m */ = {isa = PBXFileReference; fileEncoding = 4; lastKnownFileType = sourcecode.c.objc; path = ApplicationStyle.m; sourceTree = "<group>"; };
/* End PBXFileReference section */

/* Begin PBXFrameworksBuildPhase section */
		FEA50B5B19371DEC00357400 /* Frameworks */ = {
			isa = PBXFrameworksBuildPhase;
			buildActionMask = 2147483647;
			files = (
				FEA50B6419371DEC00357400 /* CoreGraphics.framework in Frameworks */,
				FEA50B6619371DEC00357400 /* UIKit.framework in Frameworks */,
				FEA50B6219371DEC00357400 /* Foundation.framework in Frameworks */,
			);
			runOnlyForDeploymentPostprocessing = 0;
		};
		FEA50B7F19371DEC00357400 /* Frameworks */ = {
			isa = PBXFrameworksBuildPhase;
			buildActionMask = 2147483647;
			files = (
				FEA50B8419371DEC00357400 /* XCTest.framework in Frameworks */,
				FEA50B8619371DEC00357400 /* UIKit.framework in Frameworks */,
				FEA50B8519371DEC00357400 /* Foundation.framework in Frameworks */,
			);
			runOnlyForDeploymentPostprocessing = 0;
		};
/* End PBXFrameworksBuildPhase section */

/* Begin PBXGroup section */
		FEA50B5519371DEC00357400 = {
			isa = PBXGroup;
			children = (
				FEA50B6719371DEC00357400 /* DataPicker */,
				FEA50B8919371DEC00357400 /* DataPickerTests */,
				FEA50B6019371DEC00357400 /* Frameworks */,
				FEA50B5F19371DEC00357400 /* Products */,
			);
			sourceTree = "<group>";
		};
		FEA50B5F19371DEC00357400 /* Products */ = {
			isa = PBXGroup;
			children = (
				FEA50B5E19371DEC00357400 /* DataPicker.app */,
				FEA50B8219371DEC00357400 /* DataPickerTests.xctest */,
			);
			name = Products;
			sourceTree = "<group>";
		};
		FEA50B6019371DEC00357400 /* Frameworks */ = {
			isa = PBXGroup;
			children = (
				FEA50B6119371DEC00357400 /* Foundation.framework */,
				FEA50B6319371DEC00357400 /* CoreGraphics.framework */,
				FEA50B6519371DEC00357400 /* UIKit.framework */,
				FEA50B8319371DEC00357400 /* XCTest.framework */,
			);
			name = Frameworks;
			sourceTree = "<group>";
		};
		FEA50B6719371DEC00357400 /* DataPicker */ = {
			isa = PBXGroup;
			children = (
				FEA50BA21937454000357400 /* ApplicationStyle.h */,
				FEA50BA31937454000357400 /* ApplicationStyle.m */,
				FEA50B7019371DEC00357400 /* DMAppDelegate.h */,
				FEA50B7119371DEC00357400 /* DMAppDelegate.m */,
				FEA50B7319371DEC00357400 /* Main_iPhone.storyboard */,
				FEA50B9919371E7700357400 /* DMDataPickerCell.xib */,
				FEA50B9B19371E9E00357400 /* DMDataPickerCell.h */,
				FEA50B9C19371E9E00357400 /* DMDataPickerCell.m */,
				FEA50B7619371DEC00357400 /* Main_iPad.storyboard */,
				FEA50B7919371DEC00357400 /* DMViewController.h */,
				FEA50B7A19371DEC00357400 /* DMViewController.m */,
				FEA50B7C19371DEC00357400 /* Images.xcassets */,
				FEA50B6819371DEC00357400 /* Supporting Files */,
			);
			path = DataPicker;
			sourceTree = "<group>";
		};
		FEA50B6819371DEC00357400 /* Supporting Files */ = {
			isa = PBXGroup;
			children = (
				FEA50B6919371DEC00357400 /* DataPicker-Info.plist */,
				FEA50B6A19371DEC00357400 /* InfoPlist.strings */,
				FEA50B6D19371DEC00357400 /* main.m */,
				FEA50B6F19371DEC00357400 /* DataPicker-Prefix.pch */,
			);
			name = "Supporting Files";
			sourceTree = "<group>";
		};
		FEA50B8919371DEC00357400 /* DataPickerTests */ = {
			isa = PBXGroup;
			children = (
				FEA50B8F19371DEC00357400 /* DataPickerTests.m */,
				FEA50B8A19371DEC00357400 /* Supporting Files */,
			);
			path = DataPickerTests;
			sourceTree = "<group>";
		};
		FEA50B8A19371DEC00357400 /* Supporting Files */ = {
			isa = PBXGroup;
			children = (
				FEA50B8B19371DEC00357400 /* DataPickerTests-Info.plist */,
				FEA50B8C19371DEC00357400 /* InfoPlist.strings */,
			);
			name = "Supporting Files";
			sourceTree = "<group>";
		};
/* End PBXGroup section */

/* Begin PBXNativeTarget section */
		FEA50B5D19371DEC00357400 /* DataPicker */ = {
			isa = PBXNativeTarget;
			buildConfigurationList = FEA50B9319371DEC00357400 /* Build configuration list for PBXNativeTarget "DataPicker" */;
			buildPhases = (
				FEA50B5A19371DEC00357400 /* Sources */,
				FEA50B5B19371DEC00357400 /* Frameworks */,
				FEA50B5C19371DEC00357400 /* Resources */,
			);
			buildRules = (
			);
			dependencies = (
			);
			name = DataPicker;
			productName = DataPicker;
			productReference = FEA50B5E19371DEC00357400 /* DataPicker.app */;
			productType = "com.apple.product-type.application";
		};
		FEA50B8119371DEC00357400 /* DataPickerTests */ = {
			isa = PBXNativeTarget;
			buildConfigurationList = FEA50B9619371DEC00357400 /* Build configuration list for PBXNativeTarget "DataPickerTests" */;
			buildPhases = (
				FEA50B7E19371DEC00357400 /* Sources */,
				FEA50B7F19371DEC00357400 /* Frameworks */,
				FEA50B8019371DEC00357400 /* Resources */,
			);
			buildRules = (
			);
			dependencies = (
				FEA50B8819371DEC00357400 /* PBXTargetDependency */,
			);
			name = DataPickerTests;
			productName = DataPickerTests;
			productReference = FEA50B8219371DEC00357400 /* DataPickerTests.xctest */;
			productType = "com.apple.product-type.bundle.unit-test";
		};
/* End PBXNativeTarget section */

/* Begin PBXProject section */
		FEA50B5619371DEC00357400 /* Project object */ = {
			isa = PBXProject;
			attributes = {
				CLASSPREFIX = DM;
				LastUpgradeCheck = 0510;
				ORGANIZATIONNAME = "Ahmed Hamdy";
				TargetAttributes = {
					FEA50B8119371DEC00357400 = {
						TestTargetID = FEA50B5D19371DEC00357400;
					};
				};
			};
			buildConfigurationList = FEA50B5919371DEC00357400 /* Build configuration list for PBXProject "DataPicker" */;
			compatibilityVersion = "Xcode 3.2";
			developmentRegion = English;
			hasScannedForEncodings = 0;
			knownRegions = (
				en,
				Base,
			);
			mainGroup = FEA50B5519371DEC00357400;
			productRefGroup = FEA50B5F19371DEC00357400 /* Products */;
			projectDirPath = "";
			projectRoot = "";
			targets = (
				FEA50B5D19371DEC00357400 /* DataPicker */,
				FEA50B8119371DEC00357400 /* DataPickerTests */,
			);
		};
/* End PBXProject section */

/* Begin PBXResourcesBuildPhase section */
		FEA50B5C19371DEC00357400 /* Resources */ = {
			isa = PBXResourcesBuildPhase;
			buildActionMask = 2147483647;
			files = (
				FEA50B7819371DEC00357400 /* Main_iPad.storyboard in Resources */,
				FEA50B7D19371DEC00357400 /* Images.xcassets in Resources */,
				FEA50B9A19371E7700357400 /* DMDataPickerCell.xib in Resources */,
				FEA50B7519371DEC00357400 /* Main_iPhone.storyboard in Resources */,
				FEA50B6C19371DEC00357400 /* InfoPlist.strings in Resources */,
			);
			runOnlyForDeploymentPostprocessing = 0;
		};
		FEA50B8019371DEC00357400 /* Resources */ = {
			isa = PBXResourcesBuildPhase;
			buildActionMask = 2147483647;
			files = (
				FEA50B8E19371DEC00357400 /* InfoPlist.strings in Resources */,
			);
			runOnlyForDeploymentPostprocessing = 0;
		};
/* End PBXResourcesBuildPhase section */

/* Begin PBXSourcesBuildPhase section */
		FEA50B5A19371DEC00357400 /* Sources */ = {
			isa = PBXSourcesBuildPhase;
			buildActionMask = 2147483647;
			files = (
				FEA50BA41937454000357400 /* ApplicationStyle.m in Sources */,
				FEA50B6E19371DEC00357400 /* main.m in Sources */,
				FEA50B9D19371E9E00357400 /* DMDataPickerCell.m in Sources */,
				FEA50B7B19371DEC00357400 /* DMViewController.m in Sources */,
				FEA50B7219371DEC00357400 /* DMAppDelegate.m in Sources */,
			);
			runOnlyForDeploymentPostprocessing = 0;
		};
		FEA50B7E19371DEC00357400 /* Sources */ = {
			isa = PBXSourcesBuildPhase;
			buildActionMask = 2147483647;
			files = (
				FEA50B9019371DEC00357400 /* DataPickerTests.m in Sources */,
			);
			runOnlyForDeploymentPostprocessing = 0;
		};
/* End PBXSourcesBuildPhase section */

/* Begin PBXTargetDependency section */
		FEA50B8819371DEC00357400 /* PBXTargetDependency */ = {
			isa = PBXTargetDependency;
			target = FEA50B5D19371DEC00357400 /* DataPicker */;
			targetProxy = FEA50B8719371DEC00357400 /* PBXContainerItemProxy */;
		};
/* End PBXTargetDependency section */

/* Begin PBXVariantGroup section */
		FEA50B6A19371DEC00357400 /* InfoPlist.strings */ = {
			isa = PBXVariantGroup;
			children = (
				FEA50B6B19371DEC00357400 /* en */,
			);
			name = InfoPlist.strings;
			sourceTree = "<group>";
		};
		FEA50B7319371DEC00357400 /* Main_iPhone.storyboard */ = {
			isa = PBXVariantGroup;
			children = (
				FEA50B7419371DEC00357400 /* Base */,
			);
			name = Main_iPhone.storyboard;
			sourceTree = "<group>";
		};
		FEA50B7619371DEC00357400 /* Main_iPad.storyboard */ = {
			isa = PBXVariantGroup;
			children = (
				FEA50B7719371DEC00357400 /* Base */,
			);
			name = Main_iPad.storyboard;
			sourceTree = "<group>";
		};
		FEA50B8C19371DEC00357400 /* InfoPlist.strings */ = {
			isa = PBXVariantGroup;
			children = (
				FEA50B8D19371DEC00357400 /* en */,
			);
			name = InfoPlist.strings;
			sourceTree = "<group>";
		};
/* End PBXVariantGroup section */

/* Begin XCBuildConfiguration section */
		FEA50B9119371DEC00357400 /* Debug */ = {
			isa = XCBuildConfiguration;
			buildSettings = {
				ALWAYS_SEARCH_USER_PATHS = NO;
				CLANG_CXX_LANGUAGE_STANDARD = "gnu++0x";
				CLANG_CXX_LIBRARY = "libc++";
				CLANG_ENABLE_MODULES = YES;
				CLANG_ENABLE_OBJC_ARC = YES;
				CLANG_WARN_BOOL_CONVERSION = YES;
				CLANG_WARN_CONSTANT_CONVERSION = YES;
				CLANG_WARN_DIRECT_OBJC_ISA_USAGE = YES_ERROR;
				CLANG_WARN_EMPTY_BODY = YES;
				CLANG_WARN_ENUM_CONVERSION = YES;
				CLANG_WARN_INT_CONVERSION = YES;
				CLANG_WARN_OBJC_ROOT_CLASS = YES_ERROR;
				CLANG_WARN__DUPLICATE_METHOD_MATCH = YES;
				"CODE_SIGN_IDENTITY[sdk=iphoneos*]" = "iPhone Developer";
				COPY_PHASE_STRIP = NO;
				GCC_C_LANGUAGE_STANDARD = gnu99;
				GCC_DYNAMIC_NO_PIC = NO;
				GCC_OPTIMIZATION_LEVEL = 0;
				GCC_PREPROCESSOR_DEFINITIONS = (
					"DEBUG=1",
					"$(inherited)",
				);
				GCC_SYMBOLS_PRIVATE_EXTERN = NO;
				GCC_WARN_64_TO_32_BIT_CONVERSION = YES;
				GCC_WARN_ABOUT_RETURN_TYPE = YES_ERROR;
				GCC_WARN_UNDECLARED_SELECTOR = YES;
				GCC_WARN_UNINITIALIZED_AUTOS = YES_AGGRESSIVE;
				GCC_WARN_UNUSED_FUNCTION = YES;
				GCC_WARN_UNUSED_VARIABLE = YES;
				IPHONEOS_DEPLOYMENT_TARGET = 7.1;
				ONLY_ACTIVE_ARCH = YES;
				SDKROOT = iphoneos;
				TARGETED_DEVICE_FAMILY = "1,2";
			};
			name = Debug;
		};
		FEA50B9219371DEC00357400 /* Release */ = {
			isa = XCBuildConfiguration;
			buildSettings = {
				ALWAYS_SEARCH_USER_PATHS = NO;
				CLANG_CXX_LANGUAGE_STANDARD = "gnu++0x";
				CLANG_CXX_LIBRARY = "libc++";
				CLANG_ENABLE_MODULES = YES;
				CLANG_ENABLE_OBJC_ARC = YES;
				CLANG_WARN_BOOL_CONVERSION = YES;
				CLANG_WARN_CONSTANT_CONVERSION = YES;
				CLANG_WARN_DIRECT_OBJC_ISA_USAGE = YES_ERROR;
				CLANG_WARN_EMPTY_BODY = YES;
				CLANG_WARN_ENUM_CONVERSION = YES;
				CLANG_WARN_INT_CONVERSION = YES;
				CLANG_WARN_OBJC_ROOT_CLASS = YES_ERROR;
				CLANG_WARN__DUPLICATE_METHOD_MATCH = YES;
				"CODE_SIGN_IDENTITY[sdk=iphoneos*]" = "iPhone Developer";
				COPY_PHASE_STRIP = YES;
				ENABLE_NS_ASSERTIONS = NO;
				GCC_C_LANGUAGE_STANDARD = gnu99;
				GCC_WARN_64_TO_32_BIT_CONVERSION = YES;
				GCC_WARN_ABOUT_RETURN_TYPE = YES_ERROR;
				GCC_WARN_UNDECLARED_SELECTOR = YES;
				GCC_WARN_UNINITIALIZED_AUTOS = YES_AGGRESSIVE;
				GCC_WARN_UNUSED_FUNCTION = YES;
				GCC_WARN_UNUSED_VARIABLE = YES;
				IPHONEOS_DEPLOYMENT_TARGET = 7.1;
				SDKROOT = iphoneos;
				TARGETED_DEVICE_FAMILY = "1,2";
				VALIDATE_PRODUCT = YES;
			};
			name = Release;
		};
		FEA50B9419371DEC00357400 /* Debug */ = {
			isa = XCBuildConfiguration;
			buildSettings = {
				ASSETCATALOG_COMPILER_APPICON_NAME = AppIcon;
				ASSETCATALOG_COMPILER_LAUNCHIMAGE_NAME = LaunchImage;
				GCC_PRECOMPILE_PREFIX_HEADER = YES;
				GCC_PREFIX_HEADER = "DataPicker/DataPicker-Prefix.pch";
				INFOPLIST_FILE = "DataPicker/DataPicker-Info.plist";
				PRODUCT_NAME = "$(TARGET_NAME)";
				WRAPPER_EXTENSION = app;
			};
			name = Debug;
		};
		FEA50B9519371DEC00357400 /* Release */ = {
			isa = XCBuildConfiguration;
			buildSettings = {
				ASSETCATALOG_COMPILER_APPICON_NAME = AppIcon;
				ASSETCATALOG_COMPILER_LAUNCHIMAGE_NAME = LaunchImage;
				GCC_PRECOMPILE_PREFIX_HEADER = YES;
				GCC_PREFIX_HEADER = "DataPicker/DataPicker-Prefix.pch";
				INFOPLIST_FILE = "DataPicker/DataPicker-Info.plist";
				PRODUCT_NAME = "$(TARGET_NAME)";
				WRAPPER_EXTENSION = app;
			};
			name = Release;
		};
		FEA50B9719371DEC00357400 /* Debug */ = {
			isa = XCBuildConfiguration;
			buildSettings = {
				BUNDLE_LOADER = "$(BUILT_PRODUCTS_DIR)/DataPicker.app/DataPicker";
				FRAMEWORK_SEARCH_PATHS = (
					"$(SDKROOT)/Developer/Library/Frameworks",
					"$(inherited)",
					"$(DEVELOPER_FRAMEWORKS_DIR)",
				);
				GCC_PRECOMPILE_PREFIX_HEADER = YES;
				GCC_PREFIX_HEADER = "DataPicker/DataPicker-Prefix.pch";
				GCC_PREPROCESSOR_DEFINITIONS = (
					"DEBUG=1",
					"$(inherited)",
				);
				INFOPLIST_FILE = "DataPickerTests/DataPickerTests-Info.plist";
				PRODUCT_NAME = "$(TARGET_NAME)";
				TEST_HOST = "$(BUNDLE_LOADER)";
				WRAPPER_EXTENSION = xctest;
			};
			name = Debug;
		};
		FEA50B9819371DEC00357400 /* Release */ = {
			isa = XCBuildConfiguration;
			buildSettings = {
				BUNDLE_LOADER = "$(BUILT_PRODUCTS_DIR)/DataPicker.app/DataPicker";
				FRAMEWORK_SEARCH_PATHS = (
					"$(SDKROOT)/Developer/Library/Frameworks",
					"$(inherited)",
					"$(DEVELOPER_FRAMEWORKS_DIR)",
				);
				GCC_PRECOMPILE_PREFIX_HEADER = YES;
				GCC_PREFIX_HEADER = "DataPicker/DataPicker-Prefix.pch";
				INFOPLIST_FILE = "DataPickerTests/DataPickerTests-Info.plist";
				PRODUCT_NAME = "$(TARGET_NAME)";
				TEST_HOST = "$(BUNDLE_LOADER)";
				WRAPPER_EXTENSION = xctest;
			};
			name = Release;
		};
/* End XCBuildConfiguration section */

/* Begin XCConfigurationList section */
		FEA50B5919371DEC00357400 /* Build configuration list for PBXProject "DataPicker" */ = {
			isa = XCConfigurationList;
			buildConfigurations = (
				FEA50B9119371DEC00357400 /* Debug */,
				FEA50B9219371DEC00357400 /* Release */,
			);
			defaultConfigurationIsVisible = 0;
			defaultConfigurationName = Release;
		};
		FEA50B9319371DEC00357400 /* Build configuration list for PBXNativeTarget "DataPicker" */ = {
			isa = XCConfigurationList;
			buildConfigurations = (
				FEA50B9419371DEC00357400 /* Debug */,
				FEA50B9519371DEC00357400 /* Release */,
			);
			defaultConfigurationIsVisible = 0;
			defaultConfigurationName = Release;
		};
		FEA50B9619371DEC00357400 /* Build configuration list for PBXNativeTarget "DataPickerTests" */ = {
			isa = XCConfigurationList;
			buildConfigurations = (
				FEA50B9719371DEC00357400 /* Debug */,
				FEA50B9819371DEC00357400 /* Release */,
			);
			defaultConfigurationIsVisible = 0;
			defaultConfigurationName = Release;
		};
/* End XCConfigurationList section */
	};
	rootObject = FEA50B5619371DEC00357400 /* Project object */;
}
